// !$*UTF8*$!
{
	archiveVersion = 1;
	classes = {
	};
	objectVersion = 46;
	objects = {

/* Begin PBXBuildFile section */
		48290EE21CDE733A0051DDB2 /* LithosPro-Regular.otf in Resources */ = {isa = PBXBuildFile; fileRef = 48290EE11CDE733A0051DDB2 /* LithosPro-Regular.otf */; };
		48290EE31CDE733A0051DDB2 /* LithosPro-Regular.otf in Resources */ = {isa = PBXBuildFile; fileRef = 48290EE11CDE733A0051DDB2 /* LithosPro-Regular.otf */; };
		48290EE41CDE733A0051DDB2 /* LithosPro-Regular.otf in Resources */ = {isa = PBXBuildFile; fileRef = 48290EE11CDE733A0051DDB2 /* LithosPro-Regular.otf */; };
		48290EE61CDE7A0A0051DDB2 /* myFont.ttf in Resources */ = {isa = PBXBuildFile; fileRef = 48290EE51CDE7A0A0051DDB2 /* myFont.ttf */; };
		48290EE71CDE7A0A0051DDB2 /* myFont.ttf in Resources */ = {isa = PBXBuildFile; fileRef = 48290EE51CDE7A0A0051DDB2 /* myFont.ttf */; };
		48290EE81CDE7A0A0051DDB2 /* myFont.ttf in Resources */ = {isa = PBXBuildFile; fileRef = 48290EE51CDE7A0A0051DDB2 /* myFont.ttf */; };
		482BD66F1CF0D58E00F2786E /* Chef_Chin_Restaurant.png in Resources */ = {isa = PBXBuildFile; fileRef = 482BD6621CF0D58E00F2786E /* Chef_Chin_Restaurant.png */; };
		482BD6701CF0D58E00F2786E /* Chef_Chin_Restaurant.png in Resources */ = {isa = PBXBuildFile; fileRef = 482BD6621CF0D58E00F2786E /* Chef_Chin_Restaurant.png */; };
		482BD6711CF0D58E00F2786E /* Chef_Chin_Restaurant.png in Resources */ = {isa = PBXBuildFile; fileRef = 482BD6621CF0D58E00F2786E /* Chef_Chin_Restaurant.png */; };
		482BD6721CF0D58E00F2786E /* Emerald.png in Resources */ = {isa = PBXBuildFile; fileRef = 482BD6631CF0D58E00F2786E /* Emerald.png */; };
		482BD6731CF0D58E00F2786E /* Emerald.png in Resources */ = {isa = PBXBuildFile; fileRef = 482BD6631CF0D58E00F2786E /* Emerald.png */; };
		482BD6741CF0D58E00F2786E /* Emerald.png in Resources */ = {isa = PBXBuildFile; fileRef = 482BD6631CF0D58E00F2786E /* Emerald.png */; };
		482BD6751CF0D58E00F2786E /* Golden_City.png in Resources */ = {isa = PBXBuildFile; fileRef = 482BD6641CF0D58E00F2786E /* Golden_City.png */; };
		482BD6761CF0D58E00F2786E /* Golden_City.png in Resources */ = {isa = PBXBuildFile; fileRef = 482BD6641CF0D58E00F2786E /* Golden_City.png */; };
		482BD6771CF0D58E00F2786E /* Golden_City.png in Resources */ = {isa = PBXBuildFile; fileRef = 482BD6641CF0D58E00F2786E /* Golden_City.png */; };
		482BD6781CF0D58E00F2786E /* Gourmet_City.png in Resources */ = {isa = PBXBuildFile; fileRef = 482BD6651CF0D58E00F2786E /* Gourmet_City.png */; };
		482BD6791CF0D58E00F2786E /* Gourmet_City.png in Resources */ = {isa = PBXBuildFile; fileRef = 482BD6651CF0D58E00F2786E /* Gourmet_City.png */; };
		482BD67A1CF0D58E00F2786E /* Gourmet_City.png in Resources */ = {isa = PBXBuildFile; fileRef = 482BD6651CF0D58E00F2786E /* Gourmet_City.png */; };
		482BD67B1CF0D58E00F2786E /* Jasmine_Seafood.png in Resources */ = {isa = PBXBuildFile; fileRef = 482BD6661CF0D58E00F2786E /* Jasmine_Seafood.png */; };
		482BD67C1CF0D58E00F2786E /* Jasmine_Seafood.png in Resources */ = {isa = PBXBuildFile; fileRef = 482BD6661CF0D58E00F2786E /* Jasmine_Seafood.png */; };
		482BD67D1CF0D58E00F2786E /* Jasmine_Seafood.png in Resources */ = {isa = PBXBuildFile; fileRef = 482BD6661CF0D58E00F2786E /* Jasmine_Seafood.png */; };
		482BD67E1CF0D58E00F2786E /* Liang's_Kitchen.png in Resources */ = {isa = PBXBuildFile; fileRef = 482BD6671CF0D58E00F2786E /* Liang's_Kitchen.png */; };
		482BD67F1CF0D58E00F2786E /* Liang's_Kitchen.png in Resources */ = {isa = PBXBuildFile; fileRef = 482BD6671CF0D58E00F2786E /* Liang's_Kitchen.png */; };
		482BD6801CF0D58E00F2786E /* Liang's_Kitchen.png in Resources */ = {isa = PBXBuildFile; fileRef = 482BD6671CF0D58E00F2786E /* Liang's_Kitchen.png */; };
		482BD6811CF0D58E00F2786E /* Little_Sheep_Hot_Pot.png in Resources */ = {isa = PBXBuildFile; fileRef = 482BD6681CF0D58E00F2786E /* Little_Sheep_Hot_Pot.png */; };
		482BD6821CF0D58E00F2786E /* Little_Sheep_Hot_Pot.png in Resources */ = {isa = PBXBuildFile; fileRef = 482BD6681CF0D58E00F2786E /* Little_Sheep_Hot_Pot.png */; };
		482BD6831CF0D58E00F2786E /* Little_Sheep_Hot_Pot.png in Resources */ = {isa = PBXBuildFile; fileRef = 482BD6681CF0D58E00F2786E /* Little_Sheep_Hot_Pot.png */; };
		482BD6841CF0D58E00F2786E /* Noble_Chef.png in Resources */ = {isa = PBXBuildFile; fileRef = 482BD6691CF0D58E00F2786E /* Noble_Chef.png */; };
		482BD6851CF0D58E00F2786E /* Noble_Chef.png in Resources */ = {isa = PBXBuildFile; fileRef = 482BD6691CF0D58E00F2786E /* Noble_Chef.png */; };
		482BD6861CF0D58E00F2786E /* Noble_Chef.png in Resources */ = {isa = PBXBuildFile; fileRef = 482BD6691CF0D58E00F2786E /* Noble_Chef.png */; };
		482BD6871CF0D58E00F2786E /* Sam_Woo_BBQ.png in Resources */ = {isa = PBXBuildFile; fileRef = 482BD66A1CF0D58E00F2786E /* Sam_Woo_BBQ.png */; };
		482BD6881CF0D58E00F2786E /* Sam_Woo_BBQ.png in Resources */ = {isa = PBXBuildFile; fileRef = 482BD66A1CF0D58E00F2786E /* Sam_Woo_BBQ.png */; };
		482BD6891CF0D58E00F2786E /* Sam_Woo_BBQ.png in Resources */ = {isa = PBXBuildFile; fileRef = 482BD66A1CF0D58E00F2786E /* Sam_Woo_BBQ.png */; };
		482BD68A1CF0D58E00F2786E /* Sizzling Pot King.png in Resources */ = {isa = PBXBuildFile; fileRef = 482BD66B1CF0D58E00F2786E /* Sizzling Pot King.png */; };
		482BD68B1CF0D58E00F2786E /* Sizzling Pot King.png in Resources */ = {isa = PBXBuildFile; fileRef = 482BD66B1CF0D58E00F2786E /* Sizzling Pot King.png */; };
		482BD68C1CF0D58E00F2786E /* Sizzling Pot King.png in Resources */ = {isa = PBXBuildFile; fileRef = 482BD66B1CF0D58E00F2786E /* Sizzling Pot King.png */; };
		482BD68D1CF0D58E00F2786E /* Spot_KTV.png in Resources */ = {isa = PBXBuildFile; fileRef = 482BD66C1CF0D58E00F2786E /* Spot_KTV.png */; };
		482BD68E1CF0D58E00F2786E /* Spot_KTV.png in Resources */ = {isa = PBXBuildFile; fileRef = 482BD66C1CF0D58E00F2786E /* Spot_KTV.png */; };
		482BD68F1CF0D58E00F2786E /* Spot_KTV.png in Resources */ = {isa = PBXBuildFile; fileRef = 482BD66C1CF0D58E00F2786E /* Spot_KTV.png */; };
		482BD6901CF0D58E00F2786E /* Tasty_Noodle_House.png in Resources */ = {isa = PBXBuildFile; fileRef = 482BD66D1CF0D58E00F2786E /* Tasty_Noodle_House.png */; };
		482BD6911CF0D58E00F2786E /* Tasty_Noodle_House.png in Resources */ = {isa = PBXBuildFile; fileRef = 482BD66D1CF0D58E00F2786E /* Tasty_Noodle_House.png */; };
		482BD6921CF0D58E00F2786E /* Tasty_Noodle_House.png in Resources */ = {isa = PBXBuildFile; fileRef = 482BD66D1CF0D58E00F2786E /* Tasty_Noodle_House.png */; };
		482BD6931CF0D58E00F2786E /* Xi'an_Kitchen.png in Resources */ = {isa = PBXBuildFile; fileRef = 482BD66E1CF0D58E00F2786E /* Xi'an_Kitchen.png */; };
		482BD6941CF0D58E00F2786E /* Xi'an_Kitchen.png in Resources */ = {isa = PBXBuildFile; fileRef = 482BD66E1CF0D58E00F2786E /* Xi'an_Kitchen.png */; };
		482BD6951CF0D58E00F2786E /* Xi'an_Kitchen.png in Resources */ = {isa = PBXBuildFile; fileRef = 482BD66E1CF0D58E00F2786E /* Xi'an_Kitchen.png */; };
		482BD69A1CF0D7F100F2786E /* FuAn_Garden.png in Resources */ = {isa = PBXBuildFile; fileRef = 482BD6961CF0D7F100F2786E /* FuAn_Garden.png */; };
		482BD69B1CF0D7F100F2786E /* FuAn_Garden.png in Resources */ = {isa = PBXBuildFile; fileRef = 482BD6961CF0D7F100F2786E /* FuAn_Garden.png */; };
		482BD69C1CF0D7F100F2786E /* FuAn_Garden.png in Resources */ = {isa = PBXBuildFile; fileRef = 482BD6961CF0D7F100F2786E /* FuAn_Garden.png */; };
		482BD69D1CF0D7F100F2786E /* Spicy_City_Chinses.png in Resources */ = {isa = PBXBuildFile; fileRef = 482BD6971CF0D7F100F2786E /* Spicy_City_Chinses.png */; };
		482BD69E1CF0D7F100F2786E /* Spicy_City_Chinses.png in Resources */ = {isa = PBXBuildFile; fileRef = 482BD6971CF0D7F100F2786E /* Spicy_City_Chinses.png */; };
		482BD69F1CF0D7F100F2786E /* Spicy_City_Chinses.png in Resources */ = {isa = PBXBuildFile; fileRef = 482BD6971CF0D7F100F2786E /* Spicy_City_Chinses.png */; };
		482BD6A01CF0D7F100F2786E /* Spicy_House.png in Resources */ = {isa = PBXBuildFile; fileRef = 482BD6981CF0D7F100F2786E /* Spicy_House.png */; };
		482BD6A11CF0D7F100F2786E /* Spicy_House.png in Resources */ = {isa = PBXBuildFile; fileRef = 482BD6981CF0D7F100F2786E /* Spicy_House.png */; };
		482BD6A21CF0D7F100F2786E /* Spicy_House.png in Resources */ = {isa = PBXBuildFile; fileRef = 482BD6981CF0D7F100F2786E /* Spicy_House.png */; };
		482BD6A31CF0D7F100F2786E /* Szechuan_Taste.png in Resources */ = {isa = PBXBuildFile; fileRef = 482BD6991CF0D7F100F2786E /* Szechuan_Taste.png */; };
		482BD6A41CF0D7F100F2786E /* Szechuan_Taste.png in Resources */ = {isa = PBXBuildFile; fileRef = 482BD6991CF0D7F100F2786E /* Szechuan_Taste.png */; };
		482BD6A51CF0D7F100F2786E /* Szechuan_Taste.png in Resources */ = {isa = PBXBuildFile; fileRef = 482BD6991CF0D7F100F2786E /* Szechuan_Taste.png */; };
		482BD6AC1CF0D80200F2786E /* Convoy_Tofu_House.png in Resources */ = {isa = PBXBuildFile; fileRef = 482BD6A61CF0D80200F2786E /* Convoy_Tofu_House.png */; };
		482BD6AD1CF0D80200F2786E /* Convoy_Tofu_House.png in Resources */ = {isa = PBXBuildFile; fileRef = 482BD6A61CF0D80200F2786E /* Convoy_Tofu_House.png */; };
		482BD6AE1CF0D80200F2786E /* Convoy_Tofu_House.png in Resources */ = {isa = PBXBuildFile; fileRef = 482BD6A61CF0D80200F2786E /* Convoy_Tofu_House.png */; };
		482BD6AF1CF0D80200F2786E /* Dae_Jang_Keum.png in Resources */ = {isa = PBXBuildFile; fileRef = 482BD6A71CF0D80200F2786E /* Dae_Jang_Keum.png */; };
		482BD6B01CF0D80200F2786E /* Dae_Jang_Keum.png in Resources */ = {isa = PBXBuildFile; fileRef = 482BD6A71CF0D80200F2786E /* Dae_Jang_Keum.png */; };
		482BD6B11CF0D80200F2786E /* Dae_Jang_Keum.png in Resources */ = {isa = PBXBuildFile; fileRef = 482BD6A71CF0D80200F2786E /* Dae_Jang_Keum.png */; };
		482BD6B21CF0D80200F2786E /* Do_Re_Mi_House.png in Resources */ = {isa = PBXBuildFile; fileRef = 482BD6A81CF0D80200F2786E /* Do_Re_Mi_House.png */; };
		482BD6B31CF0D80200F2786E /* Do_Re_Mi_House.png in Resources */ = {isa = PBXBuildFile; fileRef = 482BD6A81CF0D80200F2786E /* Do_Re_Mi_House.png */; };
		482BD6B41CF0D80200F2786E /* Do_Re_Mi_House.png in Resources */ = {isa = PBXBuildFile; fileRef = 482BD6A81CF0D80200F2786E /* Do_Re_Mi_House.png */; };
		482BD6B51CF0D80200F2786E /* Friends_House_Korean.png in Resources */ = {isa = PBXBuildFile; fileRef = 482BD6A91CF0D80200F2786E /* Friends_House_Korean.png */; };
		482BD6B61CF0D80200F2786E /* Friends_House_Korean.png in Resources */ = {isa = PBXBuildFile; fileRef = 482BD6A91CF0D80200F2786E /* Friends_House_Korean.png */; };
		482BD6B71CF0D80200F2786E /* Friends_House_Korean.png in Resources */ = {isa = PBXBuildFile; fileRef = 482BD6A91CF0D80200F2786E /* Friends_House_Korean.png */; };
		482BD6B81CF0D80200F2786E /* Manna_Korean_BBQ.png in Resources */ = {isa = PBXBuildFile; fileRef = 482BD6AA1CF0D80200F2786E /* Manna_Korean_BBQ.png */; };
		482BD6B91CF0D80200F2786E /* Manna_Korean_BBQ.png in Resources */ = {isa = PBXBuildFile; fileRef = 482BD6AA1CF0D80200F2786E /* Manna_Korean_BBQ.png */; };
		482BD6BA1CF0D80200F2786E /* Manna_Korean_BBQ.png in Resources */ = {isa = PBXBuildFile; fileRef = 482BD6AA1CF0D80200F2786E /* Manna_Korean_BBQ.png */; };
		482BD6BB1CF0D80200F2786E /* Mapo_Korean_BBQ.png in Resources */ = {isa = PBXBuildFile; fileRef = 482BD6AB1CF0D80200F2786E /* Mapo_Korean_BBQ.png */; };
		482BD6BC1CF0D80200F2786E /* Mapo_Korean_BBQ.png in Resources */ = {isa = PBXBuildFile; fileRef = 482BD6AB1CF0D80200F2786E /* Mapo_Korean_BBQ.png */; };
		482BD6BD1CF0D80200F2786E /* Mapo_Korean_BBQ.png in Resources */ = {isa = PBXBuildFile; fileRef = 482BD6AB1CF0D80200F2786E /* Mapo_Korean_BBQ.png */; };
		482BD6C11CF0D87A00F2786E /* Infini_Tea.png in Resources */ = {isa = PBXBuildFile; fileRef = 482BD6BE1CF0D87A00F2786E /* Infini_Tea.png */; };
		482BD6C21CF0D87A00F2786E /* Infini_Tea.png in Resources */ = {isa = PBXBuildFile; fileRef = 482BD6BE1CF0D87A00F2786E /* Infini_Tea.png */; };
		482BD6C31CF0D87A00F2786E /* Infini_Tea.png in Resources */ = {isa = PBXBuildFile; fileRef = 482BD6BE1CF0D87A00F2786E /* Infini_Tea.png */; };
		482BD6C41CF0D87A00F2786E /* OOTea.png in Resources */ = {isa = PBXBuildFile; fileRef = 482BD6BF1CF0D87A00F2786E /* OOTea.png */; };
		482BD6C51CF0D87A00F2786E /* OOTea.png in Resources */ = {isa = PBXBuildFile; fileRef = 482BD6BF1CF0D87A00F2786E /* OOTea.png */; };
		482BD6C61CF0D87A00F2786E /* OOTea.png in Resources */ = {isa = PBXBuildFile; fileRef = 482BD6BF1CF0D87A00F2786E /* OOTea.png */; };
		482BD6C71CF0D87A00F2786E /* Tea_Station.png in Resources */ = {isa = PBXBuildFile; fileRef = 482BD6C01CF0D87A00F2786E /* Tea_Station.png */; };
		482BD6C81CF0D87A00F2786E /* Tea_Station.png in Resources */ = {isa = PBXBuildFile; fileRef = 482BD6C01CF0D87A00F2786E /* Tea_Station.png */; };
		482BD6C91CF0D87A00F2786E /* Tea_Station.png in Resources */ = {isa = PBXBuildFile; fileRef = 482BD6C01CF0D87A00F2786E /* Tea_Station.png */; };
		482BD6CB1CF0DD8C00F2786E /* Foodworx.png in Resources */ = {isa = PBXBuildFile; fileRef = 482BD6CA1CF0DD8C00F2786E /* Foodworx.png */; };
		482BD6CC1CF0DD8C00F2786E /* Foodworx.png in Resources */ = {isa = PBXBuildFile; fileRef = 482BD6CA1CF0DD8C00F2786E /* Foodworx.png */; };
		482BD6CD1CF0DD8C00F2786E /* Foodworx.png in Resources */ = {isa = PBXBuildFile; fileRef = 482BD6CA1CF0DD8C00F2786E /* Foodworx.png */; };
		48602B041C01AAFE00688B11 /* icon.swift in Sources */ = {isa = PBXBuildFile; fileRef = 48602B031C01AAFE00688B11 /* icon.swift */; };
		48602B051C01AAFE00688B11 /* icon.swift in Sources */ = {isa = PBXBuildFile; fileRef = 48602B031C01AAFE00688B11 /* icon.swift */; };
		48602B061C01AAFE00688B11 /* icon.swift in Sources */ = {isa = PBXBuildFile; fileRef = 48602B031C01AAFE00688B11 /* icon.swift */; };
		4865CE6E1C6688CD007C9CFA /* FilterViewController.swift in Sources */ = {isa = PBXBuildFile; fileRef = 4865CE6D1C6688CD007C9CFA /* FilterViewController.swift */; };
		48972FCB1CC2AEA500423601 /* resinfo.swift in Sources */ = {isa = PBXBuildFile; fileRef = 48972FCA1CC2AEA500423601 /* resinfo.swift */; };
		48972FCC1CC2B7F900423601 /* resinfo.swift in Sources */ = {isa = PBXBuildFile; fileRef = 48972FCA1CC2AEA500423601 /* resinfo.swift */; };
		48972FCD1CC2B7FA00423601 /* resinfo.swift in Sources */ = {isa = PBXBuildFile; fileRef = 48972FCA1CC2AEA500423601 /* resinfo.swift */; };
		48C286271CE7A6AD004BA7F3 /* Art_of_Espresso_Cafe.png in Resources */ = {isa = PBXBuildFile; fileRef = 48C286261CE7A6AD004BA7F3 /* Art_of_Espresso_Cafe.png */; };
		48C286281CE7A6AD004BA7F3 /* Art_of_Espresso_Cafe.png in Resources */ = {isa = PBXBuildFile; fileRef = 48C286261CE7A6AD004BA7F3 /* Art_of_Espresso_Cafe.png */; };
		48C286291CE7A6AD004BA7F3 /* Art_of_Espresso_Cafe.png in Resources */ = {isa = PBXBuildFile; fileRef = 48C286261CE7A6AD004BA7F3 /* Art_of_Espresso_Cafe.png */; };
		48E8ACD11C5D444200CE849B /* ShakeMe.png in Resources */ = {isa = PBXBuildFile; fileRef = 48E8ACCF1C5D444200CE849B /* ShakeMe.png */; };
		48E8ACD31C5D54DE00CE849B /* ColoredDice.png in Resources */ = {isa = PBXBuildFile; fileRef = 48E8ACD21C5D54DE00CE849B /* ColoredDice.png */; };
		48FF3F591CD5384D0080ED6A /* DownArrow.png in Resources */ = {isa = PBXBuildFile; fileRef = 48FF3F581CD5384D0080ED6A /* DownArrow.png */; };
		48FF3F5F1CD538700080ED6A /* LCheckBox_1.png in Resources */ = {isa = PBXBuildFile; fileRef = 48FF3F5A1CD538700080ED6A /* LCheckBox_1.png */; };
		48FF3F601CD538700080ED6A /* LCheckBox_2.png in Resources */ = {isa = PBXBuildFile; fileRef = 48FF3F5B1CD538700080ED6A /* LCheckBox_2.png */; };
		48FF3F611CD538700080ED6A /* LCheckBox_3.png in Resources */ = {isa = PBXBuildFile; fileRef = 48FF3F5C1CD538700080ED6A /* LCheckBox_3.png */; };
		48FF3F621CD538700080ED6A /* SCheckBox_1.png in Resources */ = {isa = PBXBuildFile; fileRef = 48FF3F5D1CD538700080ED6A /* SCheckBox_1.png */; };
		48FF3F631CD538700080ED6A /* SCheckBox_2.png in Resources */ = {isa = PBXBuildFile; fileRef = 48FF3F5E1CD538700080ED6A /* SCheckBox_2.png */; };
		8F476B921CF0DE01006B21B7 /* chicken.mp3 in Resources */ = {isa = PBXBuildFile; fileRef = 8F476B911CF0DE01006B21B7 /* chicken.mp3 */; };
		8F98DC0D1C79091F00BBFDD8 /* RightArrow.png in Resources */ = {isa = PBXBuildFile; fileRef = 8F98DC0C1C79091F00BBFDD8 /* RightArrow.png */; };
		8FB9CD9E1C691AEE00618CAB /* CustomCell.swift in Sources */ = {isa = PBXBuildFile; fileRef = 8FB9CD9D1C691AEE00618CAB /* CustomCell.swift */; };
		8FB9CDA01C691AF500618CAB /* CategoryCell.xib in Resources */ = {isa = PBXBuildFile; fileRef = 8FB9CD9F1C691AF500618CAB /* CategoryCell.xib */; };
		8FB9CDA41C691B0300618CAB /* ItemCell.xib in Resources */ = {isa = PBXBuildFile; fileRef = 8FB9CDA31C691B0300618CAB /* ItemCell.xib */; };
		8FB9CDB71C692A6600618CAB /* Back_22.png in Resources */ = {isa = PBXBuildFile; fileRef = 8FB9CDA51C692A6600618CAB /* Back_22.png */; };
		8FB9CDB81C692A6600618CAB /* Back_44.png in Resources */ = {isa = PBXBuildFile; fileRef = 8FB9CDA61C692A6600618CAB /* Back_44.png */; };
		8FB9CDB91C692A6600618CAB /* Back_66.png in Resources */ = {isa = PBXBuildFile; fileRef = 8FB9CDA71C692A6600618CAB /* Back_66.png */; };
		8FB9CDBA1C692A6600618CAB /* Back.png in Resources */ = {isa = PBXBuildFile; fileRef = 8FB9CDA81C692A6600618CAB /* Back.png */; };
		8FB9CDBE1C692A6600618CAB /* ColoredDice.png in Resources */ = {isa = PBXBuildFile; fileRef = 8FB9CDAC1C692A6600618CAB /* ColoredDice.png */; };
		8FB9CDC01C692A6600618CAB /* EditButton.png in Resources */ = {isa = PBXBuildFile; fileRef = 8FB9CDAE1C692A6600618CAB /* EditButton.png */; };
		8FB9CDC11C692A6600618CAB /* FilterButton.png in Resources */ = {isa = PBXBuildFile; fileRef = 8FB9CDAF1C692A6600618CAB /* FilterButton.png */; };
		8FB9CDC61C692A6600618CAB /* Search.png in Resources */ = {isa = PBXBuildFile; fileRef = 8FB9CDB41C692A6600618CAB /* Search.png */; };
		8FB9CDC71C692A6600618CAB /* ShakeMe.png in Resources */ = {isa = PBXBuildFile; fileRef = 8FB9CDB51C692A6600618CAB /* ShakeMe.png */; };
		8FB9CDC81C692A6600618CAB /* Version2_36.png in Resources */ = {isa = PBXBuildFile; fileRef = 8FB9CDB61C692A6600618CAB /* Version2_36.png */; };
		8FC404331CDE69670061C817 /* CellDescriptor1.plist in Resources */ = {isa = PBXBuildFile; fileRef = 8FC4042F1CDE69670061C817 /* CellDescriptor1.plist */; };
		8FC404341CDE69670061C817 /* CellDescriptor2.plist in Resources */ = {isa = PBXBuildFile; fileRef = 8FC404301CDE69670061C817 /* CellDescriptor2.plist */; };
		8FC404351CDE69670061C817 /* CellDescriptor3.plist in Resources */ = {isa = PBXBuildFile; fileRef = 8FC404311CDE69670061C817 /* CellDescriptor3.plist */; };
		8FC404361CDE69670061C817 /* CellDescriptor4.plist in Resources */ = {isa = PBXBuildFile; fileRef = 8FC404321CDE69670061C817 /* CellDescriptor4.plist */; };
		8FC4043E1CDE79A20061C817 /* CellDescriptor.plist in Resources */ = {isa = PBXBuildFile; fileRef = 8FC4043D1CDE79A20061C817 /* CellDescriptor.plist */; };
		AA4275281CE7A582005DDBA3 /* Pikachu.mp3 in Resources */ = {isa = PBXBuildFile; fileRef = AA4275271CE7A582005DDBA3 /* Pikachu.mp3 */; };
		AA5906811BD2D3B6007B43FB /* AppDelegate.swift in Sources */ = {isa = PBXBuildFile; fileRef = AA5906801BD2D3B6007B43FB /* AppDelegate.swift */; };
		AA5906831BD2D3B6007B43FB /* ViewController.swift in Sources */ = {isa = PBXBuildFile; fileRef = AA5906821BD2D3B6007B43FB /* ViewController.swift */; };
		AA5906861BD2D3B6007B43FB /* Main.storyboard in Resources */ = {isa = PBXBuildFile; fileRef = AA5906841BD2D3B6007B43FB /* Main.storyboard */; };
		AA5906891BD2D3B6007B43FB /* UCSD_CSSA_What_To_Eat.xcdatamodeld in Sources */ = {isa = PBXBuildFile; fileRef = AA5906871BD2D3B6007B43FB /* UCSD_CSSA_What_To_Eat.xcdatamodeld */; };
		AA59068B1BD2D3B6007B43FB /* Assets.xcassets in Resources */ = {isa = PBXBuildFile; fileRef = AA59068A1BD2D3B6007B43FB /* Assets.xcassets */; };
		AA59068E1BD2D3B6007B43FB /* LaunchScreen.storyboard in Resources */ = {isa = PBXBuildFile; fileRef = AA59068C1BD2D3B6007B43FB /* LaunchScreen.storyboard */; };
		AA5906991BD2D3B6007B43FB /* UCSD_CSSA_What_To_EatTests.swift in Sources */ = {isa = PBXBuildFile; fileRef = AA5906981BD2D3B6007B43FB /* UCSD_CSSA_What_To_EatTests.swift */; };
		AA5906A41BD2D3B6007B43FB /* UCSD_CSSA_What_To_EatUITests.swift in Sources */ = {isa = PBXBuildFile; fileRef = AA5906A31BD2D3B6007B43FB /* UCSD_CSSA_What_To_EatUITests.swift */; };
		AA727F581C11316600535116 /* The_Bistro.png in Resources */ = {isa = PBXBuildFile; fileRef = AA727F411C11316600535116 /* The_Bistro.png */; };
		AA727F591C11316600535116 /* Bombay_Coast.png in Resources */ = {isa = PBXBuildFile; fileRef = AA727F421C11316600535116 /* Bombay_Coast.png */; };
		AA727F5A1C11316600535116 /* Burger_King.png in Resources */ = {isa = PBXBuildFile; fileRef = AA727F431C11316600535116 /* Burger_King.png */; };
		AA727F5B1C11316600535116 /* Cafe_Ventanas.png in Resources */ = {isa = PBXBuildFile; fileRef = AA727F441C11316600535116 /* Cafe_Ventanas.png */; };
		AA727F5E1C11316600535116 /* Dlush.png in Resources */ = {isa = PBXBuildFile; fileRef = AA727F471C11316600535116 /* Dlush.png */; };
		AA727F601C11316600535116 /* Goody's.png in Resources */ = {isa = PBXBuildFile; fileRef = AA727F491C11316600535116 /* Goody's.png */; };
		AA727F611C11316600535116 /* Hi_Thai.png in Resources */ = {isa = PBXBuildFile; fileRef = AA727F4A1C11316600535116 /* Hi_Thai.png */; };
		AA727F621C11316600535116 /* Jumba Juice.png in Resources */ = {isa = PBXBuildFile; fileRef = AA727F4B1C11316600535116 /* Jumba Juice.png */; };
		AA727F631C11316600535116 /* Lemon Grass.png in Resources */ = {isa = PBXBuildFile; fileRef = AA727F4C1C11316600535116 /* Lemon Grass.png */; };
		AA727F641C11316600535116 /* Panda_Express.png in Resources */ = {isa = PBXBuildFile; fileRef = AA727F4D1C11316600535116 /* Panda_Express.png */; };
		AA727F651C11316600535116 /* Pines.png in Resources */ = {isa = PBXBuildFile; fileRef = AA727F4E1C11316600535116 /* Pines.png */; };
		AA727F661C11316600535116 /* Roots.png in Resources */ = {isa = PBXBuildFile; fileRef = AA727F4F1C11316600535116 /* Roots.png */; };
		AA727F671C11316600535116 /* Round_Table_Pizza.png in Resources */ = {isa = PBXBuildFile; fileRef = AA727F501C11316600535116 /* Round_Table_Pizza.png */; };
		AA727F681C11316600535116 /* Rubios.png in Resources */ = {isa = PBXBuildFile; fileRef = AA727F511C11316600535116 /* Rubios.png */; };
		AA727F691C11316600535116 /* Santorini.png in Resources */ = {isa = PBXBuildFile; fileRef = AA727F521C11316600535116 /* Santorini.png */; };
		AA727F6A1C11316600535116 /* Shogun.png in Resources */ = {isa = PBXBuildFile; fileRef = AA727F531C11316600535116 /* Shogun.png */; };
		AA727F6B1C11316600535116 /* 64_Degrees.png in Resources */ = {isa = PBXBuildFile; fileRef = AA727F541C11316600535116 /* 64_Degrees.png */; };
		AA727F6D1C11316600535116 /* Subway.png in Resources */ = {isa = PBXBuildFile; fileRef = AA727F561C11316600535116 /* Subway.png */; };
		AA727F6E1C11316600535116 /* Tapioca_Express.png in Resources */ = {isa = PBXBuildFile; fileRef = AA727F571C11316600535116 /* Tapioca_Express.png */; };
		AAB7247B1C66873F006F85BF /* shotgun.mp3 in Resources */ = {isa = PBXBuildFile; fileRef = AAB7247A1C66873F006F85BF /* shotgun.mp3 */; };
		AAB7247F1C6696BB006F85BF /* SettingViewController.swift in Sources */ = {isa = PBXBuildFile; fileRef = AAB7247E1C6696BB006F85BF /* SettingViewController.swift */; };
		AAE65FDD1CB0672C00433876 /* SettingHeader.xib in Resources */ = {isa = PBXBuildFile; fileRef = AAE65FDC1CB0672C00433876 /* SettingHeader.xib */; };
		AAE65FDF1CB0686300433876 /* SettingSwitchCell.xib in Resources */ = {isa = PBXBuildFile; fileRef = AAE65FDE1CB0686300433876 /* SettingSwitchCell.xib */; };
		AAE65FE11CB069EE00433876 /* SettingListCell.xib in Resources */ = {isa = PBXBuildFile; fileRef = AAE65FE01CB069EE00433876 /* SettingListCell.xib */; };
/* End PBXBuildFile section */

/* Begin PBXContainerItemProxy section */
		AA5906951BD2D3B6007B43FB /* PBXContainerItemProxy */ = {
			isa = PBXContainerItemProxy;
			containerPortal = AA5906751BD2D3B6007B43FB /* Project object */;
			proxyType = 1;
			remoteGlobalIDString = AA59067C1BD2D3B6007B43FB;
			remoteInfo = "UCSD-CSSA-What-To-Eat";
		};
		AA5906A01BD2D3B6007B43FB /* PBXContainerItemProxy */ = {
			isa = PBXContainerItemProxy;
			containerPortal = AA5906751BD2D3B6007B43FB /* Project object */;
			proxyType = 1;
			remoteGlobalIDString = AA59067C1BD2D3B6007B43FB;
			remoteInfo = "UCSD-CSSA-What-To-Eat";
		};
/* End PBXContainerItemProxy section */

/* Begin PBXFileReference section */
		48290EE11CDE733A0051DDB2 /* LithosPro-Regular.otf */ = {isa = PBXFileReference; lastKnownFileType = file; path = "LithosPro-Regular.otf"; sourceTree = "<group>"; };
		48290EE51CDE7A0A0051DDB2 /* myFont.ttf */ = {isa = PBXFileReference; lastKnownFileType = file; path = myFont.ttf; sourceTree = "<group>"; };
		482BD6621CF0D58E00F2786E /* Chef_Chin_Restaurant.png */ = {isa = PBXFileReference; lastKnownFileType = image.png; path = Chef_Chin_Restaurant.png; sourceTree = "<group>"; };
		482BD6631CF0D58E00F2786E /* Emerald.png */ = {isa = PBXFileReference; lastKnownFileType = image.png; path = Emerald.png; sourceTree = "<group>"; };
		482BD6641CF0D58E00F2786E /* Golden_City.png */ = {isa = PBXFileReference; lastKnownFileType = image.png; path = Golden_City.png; sourceTree = "<group>"; };
		482BD6651CF0D58E00F2786E /* Gourmet_City.png */ = {isa = PBXFileReference; lastKnownFileType = image.png; path = Gourmet_City.png; sourceTree = "<group>"; };
		482BD6661CF0D58E00F2786E /* Jasmine_Seafood.png */ = {isa = PBXFileReference; lastKnownFileType = image.png; path = Jasmine_Seafood.png; sourceTree = "<group>"; };
		482BD6671CF0D58E00F2786E /* Liang's_Kitchen.png */ = {isa = PBXFileReference; lastKnownFileType = image.png; path = "Liang's_Kitchen.png"; sourceTree = "<group>"; };
		482BD6681CF0D58E00F2786E /* Little_Sheep_Hot_Pot.png */ = {isa = PBXFileReference; lastKnownFileType = image.png; path = Little_Sheep_Hot_Pot.png; sourceTree = "<group>"; };
		482BD6691CF0D58E00F2786E /* Noble_Chef.png */ = {isa = PBXFileReference; lastKnownFileType = image.png; path = Noble_Chef.png; sourceTree = "<group>"; };
		482BD66A1CF0D58E00F2786E /* Sam_Woo_BBQ.png */ = {isa = PBXFileReference; lastKnownFileType = image.png; path = Sam_Woo_BBQ.png; sourceTree = "<group>"; };
		482BD66B1CF0D58E00F2786E /* Sizzling Pot King.png */ = {isa = PBXFileReference; lastKnownFileType = image.png; path = "Sizzling Pot King.png"; sourceTree = "<group>"; };
		482BD66C1CF0D58E00F2786E /* Spot_KTV.png */ = {isa = PBXFileReference; lastKnownFileType = image.png; path = Spot_KTV.png; sourceTree = "<group>"; };
		482BD66D1CF0D58E00F2786E /* Tasty_Noodle_House.png */ = {isa = PBXFileReference; lastKnownFileType = image.png; path = Tasty_Noodle_House.png; sourceTree = "<group>"; };
		482BD66E1CF0D58E00F2786E /* Xi'an_Kitchen.png */ = {isa = PBXFileReference; lastKnownFileType = image.png; path = "Xi'an_Kitchen.png"; sourceTree = "<group>"; };
		482BD6961CF0D7F100F2786E /* FuAn_Garden.png */ = {isa = PBXFileReference; lastKnownFileType = image.png; path = FuAn_Garden.png; sourceTree = "<group>"; };
		482BD6971CF0D7F100F2786E /* Spicy_City_Chinses.png */ = {isa = PBXFileReference; lastKnownFileType = image.png; path = Spicy_City_Chinses.png; sourceTree = "<group>"; };
		482BD6981CF0D7F100F2786E /* Spicy_House.png */ = {isa = PBXFileReference; lastKnownFileType = image.png; path = Spicy_House.png; sourceTree = "<group>"; };
		482BD6991CF0D7F100F2786E /* Szechuan_Taste.png */ = {isa = PBXFileReference; lastKnownFileType = image.png; path = Szechuan_Taste.png; sourceTree = "<group>"; };
		482BD6A61CF0D80200F2786E /* Convoy_Tofu_House.png */ = {isa = PBXFileReference; lastKnownFileType = image.png; path = Convoy_Tofu_House.png; sourceTree = "<group>"; };
		482BD6A71CF0D80200F2786E /* Dae_Jang_Keum.png */ = {isa = PBXFileReference; lastKnownFileType = image.png; path = Dae_Jang_Keum.png; sourceTree = "<group>"; };
		482BD6A81CF0D80200F2786E /* Do_Re_Mi_House.png */ = {isa = PBXFileReference; lastKnownFileType = image.png; path = Do_Re_Mi_House.png; sourceTree = "<group>"; };
		482BD6A91CF0D80200F2786E /* Friends_House_Korean.png */ = {isa = PBXFileReference; lastKnownFileType = image.png; path = Friends_House_Korean.png; sourceTree = "<group>"; };
		482BD6AA1CF0D80200F2786E /* Manna_Korean_BBQ.png */ = {isa = PBXFileReference; lastKnownFileType = image.png; path = Manna_Korean_BBQ.png; sourceTree = "<group>"; };
		482BD6AB1CF0D80200F2786E /* Mapo_Korean_BBQ.png */ = {isa = PBXFileReference; lastKnownFileType = image.png; path = Mapo_Korean_BBQ.png; sourceTree = "<group>"; };
		482BD6BE1CF0D87A00F2786E /* Infini_Tea.png */ = {isa = PBXFileReference; lastKnownFileType = image.png; path = Infini_Tea.png; sourceTree = "<group>"; };
		482BD6BF1CF0D87A00F2786E /* OOTea.png */ = {isa = PBXFileReference; lastKnownFileType = image.png; path = OOTea.png; sourceTree = "<group>"; };
		482BD6C01CF0D87A00F2786E /* Tea_Station.png */ = {isa = PBXFileReference; lastKnownFileType = image.png; path = Tea_Station.png; sourceTree = "<group>"; };
		482BD6CA1CF0DD8C00F2786E /* Foodworx.png */ = {isa = PBXFileReference; lastKnownFileType = image.png; path = Foodworx.png; sourceTree = "<group>"; };
		48602B031C01AAFE00688B11 /* icon.swift */ = {isa = PBXFileReference; fileEncoding = 4; lastKnownFileType = sourcecode.swift; path = icon.swift; sourceTree = "<group>"; };
		4865CE6D1C6688CD007C9CFA /* FilterViewController.swift */ = {isa = PBXFileReference; fileEncoding = 4; lastKnownFileType = sourcecode.swift; path = FilterViewController.swift; sourceTree = "<group>"; };
		48972FCA1CC2AEA500423601 /* resinfo.swift */ = {isa = PBXFileReference; fileEncoding = 4; lastKnownFileType = sourcecode.swift; path = resinfo.swift; sourceTree = "<group>"; };
		48C286261CE7A6AD004BA7F3 /* Art_of_Espresso_Cafe.png */ = {isa = PBXFileReference; lastKnownFileType = image.png; path = Art_of_Espresso_Cafe.png; sourceTree = "<group>"; };
		48E8ACCF1C5D444200CE849B /* ShakeMe.png */ = {isa = PBXFileReference; lastKnownFileType = image.png; name = ShakeMe.png; path = "UCSD-CSSA-What-To-Eat/ShakeMe.png"; sourceTree = "<group>"; };
		48E8ACD21C5D54DE00CE849B /* ColoredDice.png */ = {isa = PBXFileReference; lastKnownFileType = image.png; name = ColoredDice.png; path = "UCSD-CSSA-What-To-Eat/ColoredDice.png"; sourceTree = "<group>"; };
		48FF3F581CD5384D0080ED6A /* DownArrow.png */ = {isa = PBXFileReference; lastKnownFileType = image.png; name = DownArrow.png; path = Images/UI/DownArrow.png; sourceTree = "<group>"; };
		48FF3F5A1CD538700080ED6A /* LCheckBox_1.png */ = {isa = PBXFileReference; lastKnownFileType = image.png; name = LCheckBox_1.png; path = Images/UI/LCheckBox_1.png; sourceTree = "<group>"; };
		48FF3F5B1CD538700080ED6A /* LCheckBox_2.png */ = {isa = PBXFileReference; lastKnownFileType = image.png; name = LCheckBox_2.png; path = Images/UI/LCheckBox_2.png; sourceTree = "<group>"; };
		48FF3F5C1CD538700080ED6A /* LCheckBox_3.png */ = {isa = PBXFileReference; lastKnownFileType = image.png; name = LCheckBox_3.png; path = Images/UI/LCheckBox_3.png; sourceTree = "<group>"; };
		48FF3F5D1CD538700080ED6A /* SCheckBox_1.png */ = {isa = PBXFileReference; lastKnownFileType = image.png; name = SCheckBox_1.png; path = Images/UI/SCheckBox_1.png; sourceTree = "<group>"; };
		48FF3F5E1CD538700080ED6A /* SCheckBox_2.png */ = {isa = PBXFileReference; lastKnownFileType = image.png; name = SCheckBox_2.png; path = Images/UI/SCheckBox_2.png; sourceTree = "<group>"; };
		8F476B911CF0DE01006B21B7 /* chicken.mp3 */ = {isa = PBXFileReference; lastKnownFileType = audio.mp3; path = chicken.mp3; sourceTree = "<group>"; };
		8F98DC0C1C79091F00BBFDD8 /* RightArrow.png */ = {isa = PBXFileReference; lastKnownFileType = image.png; name = RightArrow.png; path = Images/UI/RightArrow.png; sourceTree = "<group>"; };
		8FB9CD9D1C691AEE00618CAB /* CustomCell.swift */ = {isa = PBXFileReference; fileEncoding = 4; lastKnownFileType = sourcecode.swift; path = CustomCell.swift; sourceTree = "<group>"; };
		8FB9CD9F1C691AF500618CAB /* CategoryCell.xib */ = {isa = PBXFileReference; fileEncoding = 4; lastKnownFileType = file.xib; path = CategoryCell.xib; sourceTree = "<group>"; };
		8FB9CDA31C691B0300618CAB /* ItemCell.xib */ = {isa = PBXFileReference; fileEncoding = 4; lastKnownFileType = file.xib; path = ItemCell.xib; sourceTree = "<group>"; };
		8FB9CDA51C692A6600618CAB /* Back_22.png */ = {isa = PBXFileReference; lastKnownFileType = image.png; name = Back_22.png; path = Images/UI/Back_22.png; sourceTree = "<group>"; };
		8FB9CDA61C692A6600618CAB /* Back_44.png */ = {isa = PBXFileReference; lastKnownFileType = image.png; name = Back_44.png; path = Images/UI/Back_44.png; sourceTree = "<group>"; };
		8FB9CDA71C692A6600618CAB /* Back_66.png */ = {isa = PBXFileReference; lastKnownFileType = image.png; name = Back_66.png; path = Images/UI/Back_66.png; sourceTree = "<group>"; };
		8FB9CDA81C692A6600618CAB /* Back.png */ = {isa = PBXFileReference; lastKnownFileType = image.png; name = Back.png; path = Images/UI/Back.png; sourceTree = "<group>"; };
		8FB9CDAC1C692A6600618CAB /* ColoredDice.png */ = {isa = PBXFileReference; lastKnownFileType = image.png; name = ColoredDice.png; path = Images/UI/ColoredDice.png; sourceTree = "<group>"; };
		8FB9CDAE1C692A6600618CAB /* EditButton.png */ = {isa = PBXFileReference; lastKnownFileType = image.png; name = EditButton.png; path = Images/UI/EditButton.png; sourceTree = "<group>"; };
		8FB9CDAF1C692A6600618CAB /* FilterButton.png */ = {isa = PBXFileReference; lastKnownFileType = image.png; name = FilterButton.png; path = Images/UI/FilterButton.png; sourceTree = "<group>"; };
		8FB9CDB41C692A6600618CAB /* Search.png */ = {isa = PBXFileReference; lastKnownFileType = image.png; name = Search.png; path = Images/UI/Search.png; sourceTree = "<group>"; };
		8FB9CDB51C692A6600618CAB /* ShakeMe.png */ = {isa = PBXFileReference; lastKnownFileType = image.png; name = ShakeMe.png; path = Images/UI/ShakeMe.png; sourceTree = "<group>"; };
		8FB9CDB61C692A6600618CAB /* Version2_36.png */ = {isa = PBXFileReference; lastKnownFileType = image.png; name = Version2_36.png; path = Images/UI/Version2_36.png; sourceTree = "<group>"; };
		8FC4042F1CDE69670061C817 /* CellDescriptor1.plist */ = {isa = PBXFileReference; fileEncoding = 4; lastKnownFileType = text.plist.xml; path = CellDescriptor1.plist; sourceTree = "<group>"; };
		8FC404301CDE69670061C817 /* CellDescriptor2.plist */ = {isa = PBXFileReference; fileEncoding = 4; lastKnownFileType = text.plist.xml; path = CellDescriptor2.plist; sourceTree = "<group>"; };
		8FC404311CDE69670061C817 /* CellDescriptor3.plist */ = {isa = PBXFileReference; fileEncoding = 4; lastKnownFileType = text.plist.xml; path = CellDescriptor3.plist; sourceTree = "<group>"; };
		8FC404321CDE69670061C817 /* CellDescriptor4.plist */ = {isa = PBXFileReference; fileEncoding = 4; lastKnownFileType = text.plist.xml; path = CellDescriptor4.plist; sourceTree = "<group>"; };
		8FC4043D1CDE79A20061C817 /* CellDescriptor.plist */ = {isa = PBXFileReference; fileEncoding = 4; lastKnownFileType = text.plist.xml; path = CellDescriptor.plist; sourceTree = "<group>"; };
		AA4275271CE7A582005DDBA3 /* Pikachu.mp3 */ = {isa = PBXFileReference; lastKnownFileType = audio.mp3; name = Pikachu.mp3; path = Sound/Pikachu.mp3; sourceTree = "<group>"; };
		AA59067D1BD2D3B6007B43FB /* UCSD-CSSA-What-To-Eat.app */ = {isa = PBXFileReference; explicitFileType = wrapper.application; includeInIndex = 0; path = "UCSD-CSSA-What-To-Eat.app"; sourceTree = BUILT_PRODUCTS_DIR; };
		AA5906801BD2D3B6007B43FB /* AppDelegate.swift */ = {isa = PBXFileReference; lastKnownFileType = sourcecode.swift; path = AppDelegate.swift; sourceTree = "<group>"; };
		AA5906821BD2D3B6007B43FB /* ViewController.swift */ = {isa = PBXFileReference; lastKnownFileType = sourcecode.swift; path = ViewController.swift; sourceTree = "<group>"; };
		AA5906851BD2D3B6007B43FB /* Base */ = {isa = PBXFileReference; lastKnownFileType = file.storyboard; name = Base; path = Base.lproj/Main.storyboard; sourceTree = "<group>"; };
		AA5906881BD2D3B6007B43FB /* UCSD_CSSA_What_To_Eat.xcdatamodel */ = {isa = PBXFileReference; lastKnownFileType = wrapper.xcdatamodel; path = UCSD_CSSA_What_To_Eat.xcdatamodel; sourceTree = "<group>"; };
		AA59068A1BD2D3B6007B43FB /* Assets.xcassets */ = {isa = PBXFileReference; lastKnownFileType = folder.assetcatalog; path = Assets.xcassets; sourceTree = "<group>"; };
		AA59068D1BD2D3B6007B43FB /* Base */ = {isa = PBXFileReference; lastKnownFileType = file.storyboard; name = Base; path = Base.lproj/LaunchScreen.storyboard; sourceTree = "<group>"; };
		AA59068F1BD2D3B6007B43FB /* Info.plist */ = {isa = PBXFileReference; lastKnownFileType = text.plist.xml; path = Info.plist; sourceTree = "<group>"; };
		AA5906941BD2D3B6007B43FB /* UCSD-CSSA-What-To-EatTests.xctest */ = {isa = PBXFileReference; explicitFileType = wrapper.cfbundle; includeInIndex = 0; path = "UCSD-CSSA-What-To-EatTests.xctest"; sourceTree = BUILT_PRODUCTS_DIR; };
		AA5906981BD2D3B6007B43FB /* UCSD_CSSA_What_To_EatTests.swift */ = {isa = PBXFileReference; lastKnownFileType = sourcecode.swift; path = UCSD_CSSA_What_To_EatTests.swift; sourceTree = "<group>"; };
		AA59069A1BD2D3B6007B43FB /* Info.plist */ = {isa = PBXFileReference; lastKnownFileType = text.plist.xml; path = Info.plist; sourceTree = "<group>"; };
		AA59069F1BD2D3B6007B43FB /* UCSD-CSSA-What-To-EatUITests.xctest */ = {isa = PBXFileReference; explicitFileType = wrapper.cfbundle; includeInIndex = 0; path = "UCSD-CSSA-What-To-EatUITests.xctest"; sourceTree = BUILT_PRODUCTS_DIR; };
		AA5906A31BD2D3B6007B43FB /* UCSD_CSSA_What_To_EatUITests.swift */ = {isa = PBXFileReference; lastKnownFileType = sourcecode.swift; path = UCSD_CSSA_What_To_EatUITests.swift; sourceTree = "<group>"; };
		AA5906A51BD2D3B6007B43FB /* Info.plist */ = {isa = PBXFileReference; lastKnownFileType = text.plist.xml; path = Info.plist; sourceTree = "<group>"; };
		AA727F411C11316600535116 /* The_Bistro.png */ = {isa = PBXFileReference; lastKnownFileType = image.png; name = The_Bistro.png; path = Images/The_Bistro.png; sourceTree = "<group>"; };
		AA727F421C11316600535116 /* Bombay_Coast.png */ = {isa = PBXFileReference; lastKnownFileType = image.png; name = Bombay_Coast.png; path = Images/Bombay_Coast.png; sourceTree = "<group>"; };
		AA727F431C11316600535116 /* Burger_King.png */ = {isa = PBXFileReference; lastKnownFileType = image.png; name = Burger_King.png; path = Images/Burger_King.png; sourceTree = "<group>"; };
		AA727F441C11316600535116 /* Cafe_Ventanas.png */ = {isa = PBXFileReference; lastKnownFileType = image.png; name = Cafe_Ventanas.png; path = Images/Cafe_Ventanas.png; sourceTree = "<group>"; };
		AA727F471C11316600535116 /* Dlush.png */ = {isa = PBXFileReference; lastKnownFileType = image.png; name = Dlush.png; path = Images/Dlush.png; sourceTree = "<group>"; };
		AA727F491C11316600535116 /* Goody's.png */ = {isa = PBXFileReference; lastKnownFileType = image.png; name = "Goody's.png"; path = "Images/Goody's.png"; sourceTree = "<group>"; };
		AA727F4A1C11316600535116 /* Hi_Thai.png */ = {isa = PBXFileReference; lastKnownFileType = image.png; name = Hi_Thai.png; path = Images/Hi_Thai.png; sourceTree = "<group>"; };
		AA727F4B1C11316600535116 /* Jumba Juice.png */ = {isa = PBXFileReference; lastKnownFileType = image.png; name = "Jumba Juice.png"; path = "Images/Jumba Juice.png"; sourceTree = "<group>"; };
		AA727F4C1C11316600535116 /* Lemon Grass.png */ = {isa = PBXFileReference; lastKnownFileType = image.png; name = "Lemon Grass.png"; path = "Images/Lemon Grass.png"; sourceTree = "<group>"; };
		AA727F4D1C11316600535116 /* Panda_Express.png */ = {isa = PBXFileReference; lastKnownFileType = image.png; name = Panda_Express.png; path = Images/Panda_Express.png; sourceTree = "<group>"; };
		AA727F4E1C11316600535116 /* Pines.png */ = {isa = PBXFileReference; lastKnownFileType = image.png; name = Pines.png; path = Images/Pines.png; sourceTree = "<group>"; };
		AA727F4F1C11316600535116 /* Roots.png */ = {isa = PBXFileReference; lastKnownFileType = image.png; name = Roots.png; path = Images/Roots.png; sourceTree = "<group>"; };
		AA727F501C11316600535116 /* Round_Table_Pizza.png */ = {isa = PBXFileReference; lastKnownFileType = image.png; name = Round_Table_Pizza.png; path = Images/Round_Table_Pizza.png; sourceTree = "<group>"; };
		AA727F511C11316600535116 /* Rubios.png */ = {isa = PBXFileReference; lastKnownFileType = image.png; name = Rubios.png; path = Images/Rubios.png; sourceTree = "<group>"; };
		AA727F521C11316600535116 /* Santorini.png */ = {isa = PBXFileReference; lastKnownFileType = image.png; name = Santorini.png; path = Images/Santorini.png; sourceTree = "<group>"; };
		AA727F531C11316600535116 /* Shogun.png */ = {isa = PBXFileReference; lastKnownFileType = image.png; name = Shogun.png; path = Images/Shogun.png; sourceTree = "<group>"; };
		AA727F541C11316600535116 /* 64_Degrees.png */ = {isa = PBXFileReference; lastKnownFileType = image.png; name = 64_Degrees.png; path = Images/64_Degrees.png; sourceTree = "<group>"; };
		AA727F561C11316600535116 /* Subway.png */ = {isa = PBXFileReference; lastKnownFileType = image.png; name = Subway.png; path = Images/Subway.png; sourceTree = "<group>"; };
		AA727F571C11316600535116 /* Tapioca_Express.png */ = {isa = PBXFileReference; lastKnownFileType = image.png; name = Tapioca_Express.png; path = Images/Tapioca_Express.png; sourceTree = "<group>"; };
		AAB7247A1C66873F006F85BF /* shotgun.mp3 */ = {isa = PBXFileReference; lastKnownFileType = audio.mp3; name = shotgun.mp3; path = Sound/shotgun.mp3; sourceTree = "<group>"; };
		AAB7247E1C6696BB006F85BF /* SettingViewController.swift */ = {isa = PBXFileReference; fileEncoding = 4; lastKnownFileType = sourcecode.swift; path = SettingViewController.swift; sourceTree = "<group>"; };
		AAE65FDC1CB0672C00433876 /* SettingHeader.xib */ = {isa = PBXFileReference; fileEncoding = 4; lastKnownFileType = file.xib; name = SettingHeader.xib; path = "UCSD-CSSA-What-To-Eat/SettingHeader.xib"; sourceTree = "<group>"; };
		AAE65FDE1CB0686300433876 /* SettingSwitchCell.xib */ = {isa = PBXFileReference; fileEncoding = 4; lastKnownFileType = file.xib; name = SettingSwitchCell.xib; path = "UCSD-CSSA-What-To-Eat/SettingSwitchCell.xib"; sourceTree = "<group>"; };
		AAE65FE01CB069EE00433876 /* SettingListCell.xib */ = {isa = PBXFileReference; fileEncoding = 4; lastKnownFileType = file.xib; name = SettingListCell.xib; path = "UCSD-CSSA-What-To-Eat/SettingListCell.xib"; sourceTree = "<group>"; };
/* End PBXFileReference section */

/* Begin PBXFrameworksBuildPhase section */
		AA59067A1BD2D3B6007B43FB /* Frameworks */ = {
			isa = PBXFrameworksBuildPhase;
			buildActionMask = 2147483647;
			files = (
			);
			runOnlyForDeploymentPostprocessing = 0;
		};
		AA5906911BD2D3B6007B43FB /* Frameworks */ = {
			isa = PBXFrameworksBuildPhase;
			buildActionMask = 2147483647;
			files = (
			);
			runOnlyForDeploymentPostprocessing = 0;
		};
		AA59069C1BD2D3B6007B43FB /* Frameworks */ = {
			isa = PBXFrameworksBuildPhase;
			buildActionMask = 2147483647;
			files = (
			);
			runOnlyForDeploymentPostprocessing = 0;
		};
/* End PBXFrameworksBuildPhase section */

/* Begin PBXGroup section */
		8FB9CD9A1C691AAB00618CAB /* TableView */ = {
			isa = PBXGroup;
			children = (
				8FC4043D1CDE79A20061C817 /* CellDescriptor.plist */,
				8FC4042F1CDE69670061C817 /* CellDescriptor1.plist */,
				8FC404301CDE69670061C817 /* CellDescriptor2.plist */,
				8FC404311CDE69670061C817 /* CellDescriptor3.plist */,
				8FC404321CDE69670061C817 /* CellDescriptor4.plist */,
				8FB9CD9F1C691AF500618CAB /* CategoryCell.xib */,
				8FB9CDA31C691B0300618CAB /* ItemCell.xib */,
				8FB9CD9D1C691AEE00618CAB /* CustomCell.swift */,
			);
			name = TableView;
			path = "UCSD-CSSA-What-To-Eat";
			sourceTree = "<group>";
		};
		AA5906741BD2D3B6007B43FB = {
			isa = PBXGroup;
			children = (
				AAE65FDB1CB0666B00433876 /* Setting */,
				8FB9CD9A1C691AAB00618CAB /* TableView */,
				AAB724771C66820F006F85BF /* Sound */,
				AAD745B11BDC0589003511FB /* Rest_Image */,
				AA59067F1BD2D3B6007B43FB /* UCSD-CSSA-What-To-Eat */,
				AA5906971BD2D3B6007B43FB /* UCSD-CSSA-What-To-EatTests */,
				AA5906A21BD2D3B6007B43FB /* UCSD-CSSA-What-To-EatUITests */,
				AA59067E1BD2D3B6007B43FB /* Products */,
			);
			sourceTree = "<group>";
		};
		AA59067E1BD2D3B6007B43FB /* Products */ = {
			isa = PBXGroup;
			children = (
				AA59067D1BD2D3B6007B43FB /* UCSD-CSSA-What-To-Eat.app */,
				AA5906941BD2D3B6007B43FB /* UCSD-CSSA-What-To-EatTests.xctest */,
				AA59069F1BD2D3B6007B43FB /* UCSD-CSSA-What-To-EatUITests.xctest */,
			);
			name = Products;
			sourceTree = "<group>";
		};
		AA59067F1BD2D3B6007B43FB /* UCSD-CSSA-What-To-Eat */ = {
			isa = PBXGroup;
			children = (
				48290EE51CDE7A0A0051DDB2 /* myFont.ttf */,
				48290EE11CDE733A0051DDB2 /* LithosPro-Regular.otf */,
				AAB7247E1C6696BB006F85BF /* SettingViewController.swift */,
				48602B031C01AAFE00688B11 /* icon.swift */,
				48972FCA1CC2AEA500423601 /* resinfo.swift */,
				AA5906801BD2D3B6007B43FB /* AppDelegate.swift */,
				AA5906821BD2D3B6007B43FB /* ViewController.swift */,
				4865CE6D1C6688CD007C9CFA /* FilterViewController.swift */,
				AA5906841BD2D3B6007B43FB /* Main.storyboard */,
				AA59068A1BD2D3B6007B43FB /* Assets.xcassets */,
				AA59068C1BD2D3B6007B43FB /* LaunchScreen.storyboard */,
				AA59068F1BD2D3B6007B43FB /* Info.plist */,
				AA5906871BD2D3B6007B43FB /* UCSD_CSSA_What_To_Eat.xcdatamodeld */,
			);
			path = "UCSD-CSSA-What-To-Eat";
			sourceTree = "<group>";
		};
		AA5906971BD2D3B6007B43FB /* UCSD-CSSA-What-To-EatTests */ = {
			isa = PBXGroup;
			children = (
				AA5906981BD2D3B6007B43FB /* UCSD_CSSA_What_To_EatTests.swift */,
				AA59069A1BD2D3B6007B43FB /* Info.plist */,
			);
			path = "UCSD-CSSA-What-To-EatTests";
			sourceTree = "<group>";
		};
		AA5906A21BD2D3B6007B43FB /* UCSD-CSSA-What-To-EatUITests */ = {
			isa = PBXGroup;
			children = (
				AA5906A31BD2D3B6007B43FB /* UCSD_CSSA_What_To_EatUITests.swift */,
				AA5906A51BD2D3B6007B43FB /* Info.plist */,
			);
			path = "UCSD-CSSA-What-To-EatUITests";
			sourceTree = "<group>";
		};
		AAB724771C66820F006F85BF /* Sound */ = {
			isa = PBXGroup;
			children = (
				AA4275271CE7A582005DDBA3 /* Pikachu.mp3 */,
				AAB7247A1C66873F006F85BF /* shotgun.mp3 */,
				8F476B911CF0DE01006B21B7 /* chicken.mp3 */,
			);
			name = Sound;
			sourceTree = "<group>";
		};
		AAD745B11BDC0589003511FB /* Rest_Image */ = {
			isa = PBXGroup;
			children = (
				AA727F541C11316600535116 /* 64_Degrees.png */,
				48C286261CE7A6AD004BA7F3 /* Art_of_Espresso_Cafe.png */,
				8FB9CDA51C692A6600618CAB /* Back_22.png */,
				8FB9CDA61C692A6600618CAB /* Back_44.png */,
				8FB9CDA71C692A6600618CAB /* Back_66.png */,
				8FB9CDA81C692A6600618CAB /* Back.png */,
				AA727F421C11316600535116 /* Bombay_Coast.png */,
				AA727F431C11316600535116 /* Burger_King.png */,
				AA727F441C11316600535116 /* Cafe_Ventanas.png */,
				482BD6621CF0D58E00F2786E /* Chef_Chin_Restaurant.png */,
				48E8ACD21C5D54DE00CE849B /* ColoredDice.png */,
				8FB9CDAC1C692A6600618CAB /* ColoredDice.png */,
				482BD6A61CF0D80200F2786E /* Convoy_Tofu_House.png */,
				482BD6A71CF0D80200F2786E /* Dae_Jang_Keum.png */,
				AA727F471C11316600535116 /* Dlush.png */,
				482BD6A81CF0D80200F2786E /* Do_Re_Mi_House.png */,
				48FF3F581CD5384D0080ED6A /* DownArrow.png */,
				8FB9CDAE1C692A6600618CAB /* EditButton.png */,
				482BD6631CF0D58E00F2786E /* Emerald.png */,
				8FB9CDAF1C692A6600618CAB /* FilterButton.png */,
				482BD6A91CF0D80200F2786E /* Friends_House_Korean.png */,
				482BD6CA1CF0DD8C00F2786E /* Foodworx.png */,
				482BD6961CF0D7F100F2786E /* FuAn_Garden.png */,
				482BD6641CF0D58E00F2786E /* Golden_City.png */,
				AA727F491C11316600535116 /* Goody's.png */,
				482BD6651CF0D58E00F2786E /* Gourmet_City.png */,
				AA727F4A1C11316600535116 /* Hi_Thai.png */,
				482BD6BE1CF0D87A00F2786E /* Infini_Tea.png */,
				482BD6661CF0D58E00F2786E /* Jasmine_Seafood.png */,
				AA727F4B1C11316600535116 /* Jumba Juice.png */,
				48FF3F5A1CD538700080ED6A /* LCheckBox_1.png */,
				48FF3F5B1CD538700080ED6A /* LCheckBox_2.png */,
				48FF3F5C1CD538700080ED6A /* LCheckBox_3.png */,
				AA727F4C1C11316600535116 /* Lemon Grass.png */,
				482BD6671CF0D58E00F2786E /* Liang's_Kitchen.png */,
				482BD6681CF0D58E00F2786E /* Little_Sheep_Hot_Pot.png */,
				482BD6AA1CF0D80200F2786E /* Manna_Korean_BBQ.png */,
				482BD6AB1CF0D80200F2786E /* Mapo_Korean_BBQ.png */,
				482BD6691CF0D58E00F2786E /* Noble_Chef.png */,
				482BD6BF1CF0D87A00F2786E /* OOTea.png */,
				AA727F4D1C11316600535116 /* Panda_Express.png */,
				AA727F4E1C11316600535116 /* Pines.png */,
				8F98DC0C1C79091F00BBFDD8 /* RightArrow.png */,
				AA727F4F1C11316600535116 /* Roots.png */,
				AA727F501C11316600535116 /* Round_Table_Pizza.png */,
				AA727F511C11316600535116 /* Rubios.png */,
				482BD66A1CF0D58E00F2786E /* Sam_Woo_BBQ.png */,
				AA727F521C11316600535116 /* Santorini.png */,
				48FF3F5D1CD538700080ED6A /* SCheckBox_1.png */,
				48FF3F5E1CD538700080ED6A /* SCheckBox_2.png */,
				8FB9CDB41C692A6600618CAB /* Search.png */,
				48E8ACCF1C5D444200CE849B /* ShakeMe.png */,
				8FB9CDB51C692A6600618CAB /* ShakeMe.png */,
				AA727F531C11316600535116 /* Shogun.png */,
				482BD66B1CF0D58E00F2786E /* Sizzling Pot King.png */,
				482BD6971CF0D7F100F2786E /* Spicy_City_Chinses.png */,
				482BD6981CF0D7F100F2786E /* Spicy_House.png */,
				482BD66C1CF0D58E00F2786E /* Spot_KTV.png */,
				AA727F561C11316600535116 /* Subway.png */,
				482BD6991CF0D7F100F2786E /* Szechuan_Taste.png */,
				AA727F571C11316600535116 /* Tapioca_Express.png */,
				482BD66D1CF0D58E00F2786E /* Tasty_Noodle_House.png */,
				482BD6C01CF0D87A00F2786E /* Tea_Station.png */,
				AA727F411C11316600535116 /* The_Bistro.png */,
				8FB9CDB61C692A6600618CAB /* Version2_36.png */,
				482BD66E1CF0D58E00F2786E /* Xi'an_Kitchen.png */,
			);
			name = Rest_Image;
			sourceTree = "<group>";
		};
		AAE65FDB1CB0666B00433876 /* Setting */ = {
			isa = PBXGroup;
			children = (
				AAE65FE01CB069EE00433876 /* SettingListCell.xib */,
				AAE65FDE1CB0686300433876 /* SettingSwitchCell.xib */,
				AAE65FDC1CB0672C00433876 /* SettingHeader.xib */,
			);
			name = Setting;
			sourceTree = "<group>";
		};
/* End PBXGroup section */

/* Begin PBXNativeTarget section */
		AA59067C1BD2D3B6007B43FB /* UCSD-CSSA-What-To-Eat */ = {
			isa = PBXNativeTarget;
			buildConfigurationList = AA5906A81BD2D3B6007B43FB /* Build configuration list for PBXNativeTarget "UCSD-CSSA-What-To-Eat" */;
			buildPhases = (
				AA5906791BD2D3B6007B43FB /* Sources */,
				AA59067A1BD2D3B6007B43FB /* Frameworks */,
				AA59067B1BD2D3B6007B43FB /* Resources */,
			);
			buildRules = (
			);
			dependencies = (
			);
			name = "UCSD-CSSA-What-To-Eat";
			productName = "UCSD-CSSA-What-To-Eat";
			productReference = AA59067D1BD2D3B6007B43FB /* UCSD-CSSA-What-To-Eat.app */;
			productType = "com.apple.product-type.application";
		};
		AA5906931BD2D3B6007B43FB /* UCSD-CSSA-What-To-EatTests */ = {
			isa = PBXNativeTarget;
			buildConfigurationList = AA5906AB1BD2D3B6007B43FB /* Build configuration list for PBXNativeTarget "UCSD-CSSA-What-To-EatTests" */;
			buildPhases = (
				AA5906901BD2D3B6007B43FB /* Sources */,
				AA5906911BD2D3B6007B43FB /* Frameworks */,
				AA5906921BD2D3B6007B43FB /* Resources */,
			);
			buildRules = (
			);
			dependencies = (
				AA5906961BD2D3B6007B43FB /* PBXTargetDependency */,
			);
			name = "UCSD-CSSA-What-To-EatTests";
			productName = "UCSD-CSSA-What-To-EatTests";
			productReference = AA5906941BD2D3B6007B43FB /* UCSD-CSSA-What-To-EatTests.xctest */;
			productType = "com.apple.product-type.bundle.unit-test";
		};
		AA59069E1BD2D3B6007B43FB /* UCSD-CSSA-What-To-EatUITests */ = {
			isa = PBXNativeTarget;
			buildConfigurationList = AA5906AE1BD2D3B6007B43FB /* Build configuration list for PBXNativeTarget "UCSD-CSSA-What-To-EatUITests" */;
			buildPhases = (
				AA59069B1BD2D3B6007B43FB /* Sources */,
				AA59069C1BD2D3B6007B43FB /* Frameworks */,
				AA59069D1BD2D3B6007B43FB /* Resources */,
			);
			buildRules = (
			);
			dependencies = (
				AA5906A11BD2D3B6007B43FB /* PBXTargetDependency */,
			);
			name = "UCSD-CSSA-What-To-EatUITests";
			productName = "UCSD-CSSA-What-To-EatUITests";
			productReference = AA59069F1BD2D3B6007B43FB /* UCSD-CSSA-What-To-EatUITests.xctest */;
			productType = "com.apple.product-type.bundle.ui-testing";
		};
/* End PBXNativeTarget section */

/* Begin PBXProject section */
		AA5906751BD2D3B6007B43FB /* Project object */ = {
			isa = PBXProject;
			attributes = {
				LastUpgradeCheck = 0700;
				ORGANIZATIONNAME = "Ruiqing Qiu";
				TargetAttributes = {
					AA59067C1BD2D3B6007B43FB = {
						CreatedOnToolsVersion = 7.0.1;
					};
					AA5906931BD2D3B6007B43FB = {
						CreatedOnToolsVersion = 7.0.1;
						TestTargetID = AA59067C1BD2D3B6007B43FB;
					};
					AA59069E1BD2D3B6007B43FB = {
						CreatedOnToolsVersion = 7.0.1;
						TestTargetID = AA59067C1BD2D3B6007B43FB;
					};
				};
			};
			buildConfigurationList = AA5906781BD2D3B6007B43FB /* Build configuration list for PBXProject "UCSD-CSSA-What-To-Eat" */;
			compatibilityVersion = "Xcode 3.2";
			developmentRegion = English;
			hasScannedForEncodings = 0;
			knownRegions = (
				en,
				Base,
			);
			mainGroup = AA5906741BD2D3B6007B43FB;
			productRefGroup = AA59067E1BD2D3B6007B43FB /* Products */;
			projectDirPath = "";
			projectRoot = "";
			targets = (
				AA59067C1BD2D3B6007B43FB /* UCSD-CSSA-What-To-Eat */,
				AA5906931BD2D3B6007B43FB /* UCSD-CSSA-What-To-EatTests */,
				AA59069E1BD2D3B6007B43FB /* UCSD-CSSA-What-To-EatUITests */,
			);
		};
/* End PBXProject section */

/* Begin PBXResourcesBuildPhase section */
		AA59067B1BD2D3B6007B43FB /* Resources */ = {
			isa = PBXResourcesBuildPhase;
			buildActionMask = 2147483647;
			files = (
				AA727F641C11316600535116 /* Panda_Express.png in Resources */,
				8FC4043E1CDE79A20061C817 /* CellDescriptor.plist in Resources */,
				482BD6BB1CF0D80200F2786E /* Mapo_Korean_BBQ.png in Resources */,
				48FF3F591CD5384D0080ED6A /* DownArrow.png in Resources */,
				482BD67E1CF0D58E00F2786E /* Liang's_Kitchen.png in Resources */,
				AA727F6D1C11316600535116 /* Subway.png in Resources */,
				482BD6AF1CF0D80200F2786E /* Dae_Jang_Keum.png in Resources */,
				48FF3F601CD538700080ED6A /* LCheckBox_2.png in Resources */,
				AA727F661C11316600535116 /* Roots.png in Resources */,
				AA727F631C11316600535116 /* Lemon Grass.png in Resources */,
				8F476B921CF0DE01006B21B7 /* chicken.mp3 in Resources */,
				48FF3F621CD538700080ED6A /* SCheckBox_1.png in Resources */,
				48C286271CE7A6AD004BA7F3 /* Art_of_Espresso_Cafe.png in Resources */,
				8FB9CDC01C692A6600618CAB /* EditButton.png in Resources */,
				AA727F691C11316600535116 /* Santorini.png in Resources */,
				AA727F591C11316600535116 /* Bombay_Coast.png in Resources */,
				482BD6A01CF0D7F100F2786E /* Spicy_House.png in Resources */,
				8FB9CDBE1C692A6600618CAB /* ColoredDice.png in Resources */,
				8FC404351CDE69670061C817 /* CellDescriptor3.plist in Resources */,
				AAE65FE11CB069EE00433876 /* SettingListCell.xib in Resources */,
				482BD6C71CF0D87A00F2786E /* Tea_Station.png in Resources */,
				482BD6B21CF0D80200F2786E /* Do_Re_Mi_House.png in Resources */,
				482BD6721CF0D58E00F2786E /* Emerald.png in Resources */,
				8FB9CDC81C692A6600618CAB /* Version2_36.png in Resources */,
				AA727F581C11316600535116 /* The_Bistro.png in Resources */,
				482BD6781CF0D58E00F2786E /* Gourmet_City.png in Resources */,
				8FB9CDB81C692A6600618CAB /* Back_44.png in Resources */,
				AA727F5B1C11316600535116 /* Cafe_Ventanas.png in Resources */,
				482BD6AC1CF0D80200F2786E /* Convoy_Tofu_House.png in Resources */,
				AA727F5A1C11316600535116 /* Burger_King.png in Resources */,
				482BD69D1CF0D7F100F2786E /* Spicy_City_Chinses.png in Resources */,
				AA727F6B1C11316600535116 /* 64_Degrees.png in Resources */,
				AA727F5E1C11316600535116 /* Dlush.png in Resources */,
				AAB7247B1C66873F006F85BF /* shotgun.mp3 in Resources */,
				AA727F6A1C11316600535116 /* Shogun.png in Resources */,
				482BD6751CF0D58E00F2786E /* Golden_City.png in Resources */,
				482BD67B1CF0D58E00F2786E /* Jasmine_Seafood.png in Resources */,
				AA727F6E1C11316600535116 /* Tapioca_Express.png in Resources */,
				482BD6A31CF0D7F100F2786E /* Szechuan_Taste.png in Resources */,
				482BD6931CF0D58E00F2786E /* Xi'an_Kitchen.png in Resources */,
				AA59068E1BD2D3B6007B43FB /* LaunchScreen.storyboard in Resources */,
				48FF3F5F1CD538700080ED6A /* LCheckBox_1.png in Resources */,
				482BD6C11CF0D87A00F2786E /* Infini_Tea.png in Resources */,
				8FC404341CDE69670061C817 /* CellDescriptor2.plist in Resources */,
				482BD6841CF0D58E00F2786E /* Noble_Chef.png in Resources */,
				8FB9CDB71C692A6600618CAB /* Back_22.png in Resources */,
				482BD6B81CF0D80200F2786E /* Manna_Korean_BBQ.png in Resources */,
				AA727F651C11316600535116 /* Pines.png in Resources */,
				482BD6CB1CF0DD8C00F2786E /* Foodworx.png in Resources */,
				8FB9CDBA1C692A6600618CAB /* Back.png in Resources */,
				482BD68A1CF0D58E00F2786E /* Sizzling Pot King.png in Resources */,
				48290EE61CDE7A0A0051DDB2 /* myFont.ttf in Resources */,
				AA59068B1BD2D3B6007B43FB /* Assets.xcassets in Resources */,
				8FB9CDA01C691AF500618CAB /* CategoryCell.xib in Resources */,
				AA727F671C11316600535116 /* Round_Table_Pizza.png in Resources */,
				482BD66F1CF0D58E00F2786E /* Chef_Chin_Restaurant.png in Resources */,
				8FC404361CDE69670061C817 /* CellDescriptor4.plist in Resources */,
				48FF3F611CD538700080ED6A /* LCheckBox_3.png in Resources */,
				AA727F601C11316600535116 /* Goody's.png in Resources */,
				48290EE21CDE733A0051DDB2 /* LithosPro-Regular.otf in Resources */,
				482BD6901CF0D58E00F2786E /* Tasty_Noodle_House.png in Resources */,
				AA727F621C11316600535116 /* Jumba Juice.png in Resources */,
				48E8ACD11C5D444200CE849B /* ShakeMe.png in Resources */,
				AA727F681C11316600535116 /* Rubios.png in Resources */,
				48E8ACD31C5D54DE00CE849B /* ColoredDice.png in Resources */,
				8FB9CDC61C692A6600618CAB /* Search.png in Resources */,
				8F98DC0D1C79091F00BBFDD8 /* RightArrow.png in Resources */,
				AAE65FDD1CB0672C00433876 /* SettingHeader.xib in Resources */,
				482BD69A1CF0D7F100F2786E /* FuAn_Garden.png in Resources */,
				8FB9CDB91C692A6600618CAB /* Back_66.png in Resources */,
				8FB9CDC11C692A6600618CAB /* FilterButton.png in Resources */,
				482BD6B51CF0D80200F2786E /* Friends_House_Korean.png in Resources */,
				AA5906861BD2D3B6007B43FB /* Main.storyboard in Resources */,
				8FB9CDC71C692A6600618CAB /* ShakeMe.png in Resources */,
				482BD6811CF0D58E00F2786E /* Little_Sheep_Hot_Pot.png in Resources */,
				AA727F611C11316600535116 /* Hi_Thai.png in Resources */,
				482BD68D1CF0D58E00F2786E /* Spot_KTV.png in Resources */,
				48FF3F631CD538700080ED6A /* SCheckBox_2.png in Resources */,
				482BD6871CF0D58E00F2786E /* Sam_Woo_BBQ.png in Resources */,
				482BD6C41CF0D87A00F2786E /* OOTea.png in Resources */,
				AAE65FDF1CB0686300433876 /* SettingSwitchCell.xib in Resources */,
				8FB9CDA41C691B0300618CAB /* ItemCell.xib in Resources */,
				AA4275281CE7A582005DDBA3 /* Pikachu.mp3 in Resources */,
				8FC404331CDE69670061C817 /* CellDescriptor1.plist in Resources */,
			);
			runOnlyForDeploymentPostprocessing = 0;
		};
		AA5906921BD2D3B6007B43FB /* Resources */ = {
			isa = PBXResourcesBuildPhase;
			buildActionMask = 2147483647;
			files = (
				482BD6B61CF0D80200F2786E /* Friends_House_Korean.png in Resources */,
				482BD6941CF0D58E00F2786E /* Xi'an_Kitchen.png in Resources */,
				48C286281CE7A6AD004BA7F3 /* Art_of_Espresso_Cafe.png in Resources */,
				482BD6B91CF0D80200F2786E /* Manna_Korean_BBQ.png in Resources */,
				482BD68E1CF0D58E00F2786E /* Spot_KTV.png in Resources */,
				482BD69E1CF0D7F100F2786E /* Spicy_City_Chinses.png in Resources */,
				482BD67F1CF0D58E00F2786E /* Liang's_Kitchen.png in Resources */,
				482BD6851CF0D58E00F2786E /* Noble_Chef.png in Resources */,
				482BD6BC1CF0D80200F2786E /* Mapo_Korean_BBQ.png in Resources */,
				482BD6B31CF0D80200F2786E /* Do_Re_Mi_House.png in Resources */,
				482BD6AD1CF0D80200F2786E /* Convoy_Tofu_House.png in Resources */,
				482BD68B1CF0D58E00F2786E /* Sizzling Pot King.png in Resources */,
				482BD69B1CF0D7F100F2786E /* FuAn_Garden.png in Resources */,
				482BD6C21CF0D87A00F2786E /* Infini_Tea.png in Resources */,
				482BD6761CF0D58E00F2786E /* Golden_City.png in Resources */,
				482BD6821CF0D58E00F2786E /* Little_Sheep_Hot_Pot.png in Resources */,
				48290EE31CDE733A0051DDB2 /* LithosPro-Regular.otf in Resources */,
				482BD6731CF0D58E00F2786E /* Emerald.png in Resources */,
				482BD6911CF0D58E00F2786E /* Tasty_Noodle_House.png in Resources */,
				482BD6881CF0D58E00F2786E /* Sam_Woo_BBQ.png in Resources */,
				482BD6791CF0D58E00F2786E /* Gourmet_City.png in Resources */,
				482BD6B01CF0D80200F2786E /* Dae_Jang_Keum.png in Resources */,
				482BD67C1CF0D58E00F2786E /* Jasmine_Seafood.png in Resources */,
				482BD6A11CF0D7F100F2786E /* Spicy_House.png in Resources */,
				482BD6C51CF0D87A00F2786E /* OOTea.png in Resources */,
				482BD6CC1CF0DD8C00F2786E /* Foodworx.png in Resources */,
				482BD6C81CF0D87A00F2786E /* Tea_Station.png in Resources */,
				482BD6701CF0D58E00F2786E /* Chef_Chin_Restaurant.png in Resources */,
				482BD6A41CF0D7F100F2786E /* Szechuan_Taste.png in Resources */,
				48290EE71CDE7A0A0051DDB2 /* myFont.ttf in Resources */,
			);
			runOnlyForDeploymentPostprocessing = 0;
		};
		AA59069D1BD2D3B6007B43FB /* Resources */ = {
			isa = PBXResourcesBuildPhase;
			buildActionMask = 2147483647;
			files = (
				482BD6B71CF0D80200F2786E /* Friends_House_Korean.png in Resources */,
				482BD6951CF0D58E00F2786E /* Xi'an_Kitchen.png in Resources */,
				48C286291CE7A6AD004BA7F3 /* Art_of_Espresso_Cafe.png in Resources */,
				482BD6BA1CF0D80200F2786E /* Manna_Korean_BBQ.png in Resources */,
				482BD68F1CF0D58E00F2786E /* Spot_KTV.png in Resources */,
				482BD69F1CF0D7F100F2786E /* Spicy_City_Chinses.png in Resources */,
				482BD6801CF0D58E00F2786E /* Liang's_Kitchen.png in Resources */,
				482BD6861CF0D58E00F2786E /* Noble_Chef.png in Resources */,
				482BD6BD1CF0D80200F2786E /* Mapo_Korean_BBQ.png in Resources */,
				482BD6B41CF0D80200F2786E /* Do_Re_Mi_House.png in Resources */,
				482BD6AE1CF0D80200F2786E /* Convoy_Tofu_House.png in Resources */,
				482BD68C1CF0D58E00F2786E /* Sizzling Pot King.png in Resources */,
				482BD69C1CF0D7F100F2786E /* FuAn_Garden.png in Resources */,
				482BD6C31CF0D87A00F2786E /* Infini_Tea.png in Resources */,
				482BD6771CF0D58E00F2786E /* Golden_City.png in Resources */,
				482BD6831CF0D58E00F2786E /* Little_Sheep_Hot_Pot.png in Resources */,
				48290EE41CDE733A0051DDB2 /* LithosPro-Regular.otf in Resources */,
				482BD6741CF0D58E00F2786E /* Emerald.png in Resources */,
				482BD6921CF0D58E00F2786E /* Tasty_Noodle_House.png in Resources */,
				482BD6891CF0D58E00F2786E /* Sam_Woo_BBQ.png in Resources */,
				482BD67A1CF0D58E00F2786E /* Gourmet_City.png in Resources */,
				482BD6B11CF0D80200F2786E /* Dae_Jang_Keum.png in Resources */,
				482BD67D1CF0D58E00F2786E /* Jasmine_Seafood.png in Resources */,
				482BD6A21CF0D7F100F2786E /* Spicy_House.png in Resources */,
				482BD6C61CF0D87A00F2786E /* OOTea.png in Resources */,
				482BD6CD1CF0DD8C00F2786E /* Foodworx.png in Resources */,
				482BD6C91CF0D87A00F2786E /* Tea_Station.png in Resources */,
				482BD6711CF0D58E00F2786E /* Chef_Chin_Restaurant.png in Resources */,
				482BD6A51CF0D7F100F2786E /* Szechuan_Taste.png in Resources */,
				48290EE81CDE7A0A0051DDB2 /* myFont.ttf in Resources */,
			);
			runOnlyForDeploymentPostprocessing = 0;
		};
/* End PBXResourcesBuildPhase section */

/* Begin PBXSourcesBuildPhase section */
		AA5906791BD2D3B6007B43FB /* Sources */ = {
			isa = PBXSourcesBuildPhase;
			buildActionMask = 2147483647;
			files = (
				AA5906891BD2D3B6007B43FB /* UCSD_CSSA_What_To_Eat.xcdatamodeld in Sources */,
				AA5906831BD2D3B6007B43FB /* ViewController.swift in Sources */,
				48602B041C01AAFE00688B11 /* icon.swift in Sources */,
				AA5906811BD2D3B6007B43FB /* AppDelegate.swift in Sources */,
				4865CE6E1C6688CD007C9CFA /* FilterViewController.swift in Sources */,
				8FB9CD9E1C691AEE00618CAB /* CustomCell.swift in Sources */,
				48972FCB1CC2AEA500423601 /* resinfo.swift in Sources */,
				AAB7247F1C6696BB006F85BF /* SettingViewController.swift in Sources */,
			);
			runOnlyForDeploymentPostprocessing = 0;
		};
		AA5906901BD2D3B6007B43FB /* Sources */ = {
			isa = PBXSourcesBuildPhase;
			buildActionMask = 2147483647;
			files = (
				48972FCC1CC2B7F900423601 /* resinfo.swift in Sources */,
				48602B051C01AAFE00688B11 /* icon.swift in Sources */,
				AA5906991BD2D3B6007B43FB /* UCSD_CSSA_What_To_EatTests.swift in Sources */,
			);
			runOnlyForDeploymentPostprocessing = 0;
		};
		AA59069B1BD2D3B6007B43FB /* Sources */ = {
			isa = PBXSourcesBuildPhase;
			buildActionMask = 2147483647;
			files = (
				48972FCD1CC2B7FA00423601 /* resinfo.swift in Sources */,
				48602B061C01AAFE00688B11 /* icon.swift in Sources */,
				AA5906A41BD2D3B6007B43FB /* UCSD_CSSA_What_To_EatUITests.swift in Sources */,
			);
			runOnlyForDeploymentPostprocessing = 0;
		};
/* End PBXSourcesBuildPhase section */

/* Begin PBXTargetDependency section */
		AA5906961BD2D3B6007B43FB /* PBXTargetDependency */ = {
			isa = PBXTargetDependency;
			target = AA59067C1BD2D3B6007B43FB /* UCSD-CSSA-What-To-Eat */;
			targetProxy = AA5906951BD2D3B6007B43FB /* PBXContainerItemProxy */;
		};
		AA5906A11BD2D3B6007B43FB /* PBXTargetDependency */ = {
			isa = PBXTargetDependency;
			target = AA59067C1BD2D3B6007B43FB /* UCSD-CSSA-What-To-Eat */;
			targetProxy = AA5906A01BD2D3B6007B43FB /* PBXContainerItemProxy */;
		};
/* End PBXTargetDependency section */

/* Begin PBXVariantGroup section */
		AA5906841BD2D3B6007B43FB /* Main.storyboard */ = {
			isa = PBXVariantGroup;
			children = (
				AA5906851BD2D3B6007B43FB /* Base */,
			);
			name = Main.storyboard;
			sourceTree = "<group>";
		};
		AA59068C1BD2D3B6007B43FB /* LaunchScreen.storyboard */ = {
			isa = PBXVariantGroup;
			children = (
				AA59068D1BD2D3B6007B43FB /* Base */,
			);
			name = LaunchScreen.storyboard;
			sourceTree = "<group>";
		};
/* End PBXVariantGroup section */

/* Begin XCBuildConfiguration section */
		AA5906A61BD2D3B6007B43FB /* Debug */ = {
			isa = XCBuildConfiguration;
			buildSettings = {
				ALWAYS_SEARCH_USER_PATHS = NO;
				CLANG_CXX_LANGUAGE_STANDARD = "gnu++0x";
				CLANG_CXX_LIBRARY = "libc++";
				CLANG_ENABLE_MODULES = YES;
				CLANG_ENABLE_OBJC_ARC = YES;
				CLANG_WARN_BOOL_CONVERSION = YES;
				CLANG_WARN_CONSTANT_CONVERSION = YES;
				CLANG_WARN_DIRECT_OBJC_ISA_USAGE = YES_ERROR;
				CLANG_WARN_EMPTY_BODY = YES;
				CLANG_WARN_ENUM_CONVERSION = YES;
				CLANG_WARN_INT_CONVERSION = YES;
				CLANG_WARN_OBJC_ROOT_CLASS = YES_ERROR;
				CLANG_WARN_UNREACHABLE_CODE = YES;
				CLANG_WARN__DUPLICATE_METHOD_MATCH = YES;
				"CODE_SIGN_IDENTITY[sdk=iphoneos*]" = "iPhone Developer";
				COPY_PHASE_STRIP = NO;
				DEBUG_INFORMATION_FORMAT = dwarf;
				ENABLE_STRICT_OBJC_MSGSEND = YES;
				ENABLE_TESTABILITY = YES;
				GCC_C_LANGUAGE_STANDARD = gnu99;
				GCC_DYNAMIC_NO_PIC = NO;
				GCC_NO_COMMON_BLOCKS = YES;
				GCC_OPTIMIZATION_LEVEL = 0;
				GCC_PREPROCESSOR_DEFINITIONS = (
					"DEBUG=1",
					"$(inherited)",
				);
				GCC_WARN_64_TO_32_BIT_CONVERSION = YES;
				GCC_WARN_ABOUT_RETURN_TYPE = YES_ERROR;
				GCC_WARN_UNDECLARED_SELECTOR = YES;
				GCC_WARN_UNINITIALIZED_AUTOS = YES_AGGRESSIVE;
				GCC_WARN_UNUSED_FUNCTION = YES;
				GCC_WARN_UNUSED_VARIABLE = YES;
				IPHONEOS_DEPLOYMENT_TARGET = 9.0;
				MTL_ENABLE_DEBUG_INFO = YES;
				ONLY_ACTIVE_ARCH = YES;
				PROVISIONING_PROFILE = "";
				SDKROOT = iphoneos;
				SWIFT_OPTIMIZATION_LEVEL = "-Onone";
			};
			name = Debug;
		};
		AA5906A71BD2D3B6007B43FB /* Release */ = {
			isa = XCBuildConfiguration;
			buildSettings = {
				ALWAYS_SEARCH_USER_PATHS = NO;
				CLANG_CXX_LANGUAGE_STANDARD = "gnu++0x";
				CLANG_CXX_LIBRARY = "libc++";
				CLANG_ENABLE_MODULES = YES;
				CLANG_ENABLE_OBJC_ARC = YES;
				CLANG_WARN_BOOL_CONVERSION = YES;
				CLANG_WARN_CONSTANT_CONVERSION = YES;
				CLANG_WARN_DIRECT_OBJC_ISA_USAGE = YES_ERROR;
				CLANG_WARN_EMPTY_BODY = YES;
				CLANG_WARN_ENUM_CONVERSION = YES;
				CLANG_WARN_INT_CONVERSION = YES;
				CLANG_WARN_OBJC_ROOT_CLASS = YES_ERROR;
				CLANG_WARN_UNREACHABLE_CODE = YES;
				CLANG_WARN__DUPLICATE_METHOD_MATCH = YES;
				"CODE_SIGN_IDENTITY[sdk=iphoneos*]" = "iPhone Developer";
				COPY_PHASE_STRIP = NO;
				DEBUG_INFORMATION_FORMAT = "dwarf-with-dsym";
				ENABLE_NS_ASSERTIONS = NO;
				ENABLE_STRICT_OBJC_MSGSEND = YES;
				GCC_C_LANGUAGE_STANDARD = gnu99;
				GCC_NO_COMMON_BLOCKS = YES;
				GCC_WARN_64_TO_32_BIT_CONVERSION = YES;
				GCC_WARN_ABOUT_RETURN_TYPE = YES_ERROR;
				GCC_WARN_UNDECLARED_SELECTOR = YES;
				GCC_WARN_UNINITIALIZED_AUTOS = YES_AGGRESSIVE;
				GCC_WARN_UNUSED_FUNCTION = YES;
				GCC_WARN_UNUSED_VARIABLE = YES;
				IPHONEOS_DEPLOYMENT_TARGET = 9.0;
				MTL_ENABLE_DEBUG_INFO = NO;
				PROVISIONING_PROFILE = "";
				SDKROOT = iphoneos;
				VALIDATE_PRODUCT = YES;
			};
			name = Release;
		};
		AA5906A91BD2D3B6007B43FB /* Debug */ = {
			isa = XCBuildConfiguration;
			buildSettings = {
				ASSETCATALOG_COMPILER_APPICON_NAME = WTE;
				CODE_SIGN_IDENTITY = "iPhone Developer";
				INFOPLIST_FILE = "UCSD-CSSA-What-To-Eat/Info.plist";
				IPHONEOS_DEPLOYMENT_TARGET = 8.0;
				LD_RUNPATH_SEARCH_PATHS = "$(inherited) @executable_path/Frameworks";
				PRODUCT_BUNDLE_IDENTIFIER = "ruiqingqiu.cssa.project.UCSD-CSSA-What-To-Eat";
				PRODUCT_NAME = "$(TARGET_NAME)";
				TARGETED_DEVICE_FAMILY = "1,2";
			};
			name = Debug;
		};
		AA5906AA1BD2D3B6007B43FB /* Release */ = {
			isa = XCBuildConfiguration;
			buildSettings = {
				ASSETCATALOG_COMPILER_APPICON_NAME = WTE;
				CODE_SIGN_IDENTITY = "iPhone Developer";
				INFOPLIST_FILE = "UCSD-CSSA-What-To-Eat/Info.plist";
				IPHONEOS_DEPLOYMENT_TARGET = 8.0;
				LD_RUNPATH_SEARCH_PATHS = "$(inherited) @executable_path/Frameworks";
				PRODUCT_BUNDLE_IDENTIFIER = "ruiqingqiu.cssa.project.UCSD-CSSA-What-To-Eat";
				PRODUCT_NAME = "$(TARGET_NAME)";
				TARGETED_DEVICE_FAMILY = "1,2";
			};
			name = Release;
		};
		AA5906AC1BD2D3B6007B43FB /* Debug */ = {
			isa = XCBuildConfiguration;
			buildSettings = {
				BUNDLE_LOADER = "$(TEST_HOST)";
				INFOPLIST_FILE = "UCSD-CSSA-What-To-EatTests/Info.plist";
				LD_RUNPATH_SEARCH_PATHS = "$(inherited) @executable_path/Frameworks @loader_path/Frameworks";
				PRODUCT_BUNDLE_IDENTIFIER = "ruiqingqiu.cssa.project.UCSD-CSSA-What-To-EatTests";
				PRODUCT_NAME = "$(TARGET_NAME)";
				TEST_HOST = "$(BUILT_PRODUCTS_DIR)/UCSD-CSSA-What-To-Eat.app/UCSD-CSSA-What-To-Eat";
			};
			name = Debug;
		};
		AA5906AD1BD2D3B6007B43FB /* Release */ = {
			isa = XCBuildConfiguration;
			buildSettings = {
				BUNDLE_LOADER = "$(TEST_HOST)";
				INFOPLIST_FILE = "UCSD-CSSA-What-To-EatTests/Info.plist";
				LD_RUNPATH_SEARCH_PATHS = "$(inherited) @executable_path/Frameworks @loader_path/Frameworks";
				PRODUCT_BUNDLE_IDENTIFIER = "ruiqingqiu.cssa.project.UCSD-CSSA-What-To-EatTests";
				PRODUCT_NAME = "$(TARGET_NAME)";
				TEST_HOST = "$(BUILT_PRODUCTS_DIR)/UCSD-CSSA-What-To-Eat.app/UCSD-CSSA-What-To-Eat";
			};
			name = Release;
		};
		AA5906AF1BD2D3B6007B43FB /* Debug */ = {
			isa = XCBuildConfiguration;
			buildSettings = {
				INFOPLIST_FILE = "UCSD-CSSA-What-To-EatUITests/Info.plist";
				LD_RUNPATH_SEARCH_PATHS = "$(inherited) @executable_path/Frameworks @loader_path/Frameworks";
				PRODUCT_BUNDLE_IDENTIFIER = "ruiqingqiu.cssa.project.UCSD-CSSA-What-To-EatUITests";
				PRODUCT_NAME = "$(TARGET_NAME)";
				TEST_TARGET_NAME = "UCSD-CSSA-What-To-Eat";
				USES_XCTRUNNER = YES;
			};
			name = Debug;
		};
		AA5906B01BD2D3B6007B43FB /* Release */ = {
			isa = XCBuildConfiguration;
			buildSettings = {
				INFOPLIST_FILE = "UCSD-CSSA-What-To-EatUITests/Info.plist";
				LD_RUNPATH_SEARCH_PATHS = "$(inherited) @executable_path/Frameworks @loader_path/Frameworks";
				PRODUCT_BUNDLE_IDENTIFIER = "ruiqingqiu.cssa.project.UCSD-CSSA-What-To-EatUITests";
				PRODUCT_NAME = "$(TARGET_NAME)";
				TEST_TARGET_NAME = "UCSD-CSSA-What-To-Eat";
				USES_XCTRUNNER = YES;
			};
			name = Release;
		};
/* End XCBuildConfiguration section */

/* Begin XCConfigurationList section */
		AA5906781BD2D3B6007B43FB /* Build configuration list for PBXProject "UCSD-CSSA-What-To-Eat" */ = {
			isa = XCConfigurationList;
			buildConfigurations = (
				AA5906A61BD2D3B6007B43FB /* Debug */,
				AA5906A71BD2D3B6007B43FB /* Release */,
			);
			defaultConfigurationIsVisible = 0;
			defaultConfigurationName = Release;
		};
		AA5906A81BD2D3B6007B43FB /* Build configuration list for PBXNativeTarget "UCSD-CSSA-What-To-Eat" */ = {
			isa = XCConfigurationList;
			buildConfigurations = (
				AA5906A91BD2D3B6007B43FB /* Debug */,
				AA5906AA1BD2D3B6007B43FB /* Release */,
			);
			defaultConfigurationIsVisible = 0;
			defaultConfigurationName = Release;
		};
		AA5906AB1BD2D3B6007B43FB /* Build configuration list for PBXNativeTarget "UCSD-CSSA-What-To-EatTests" */ = {
			isa = XCConfigurationList;
			buildConfigurations = (
				AA5906AC1BD2D3B6007B43FB /* Debug */,
				AA5906AD1BD2D3B6007B43FB /* Release */,
			);
			defaultConfigurationIsVisible = 0;
			defaultConfigurationName = Release;
		};
		AA5906AE1BD2D3B6007B43FB /* Build configuration list for PBXNativeTarget "UCSD-CSSA-What-To-EatUITests" */ = {
			isa = XCConfigurationList;
			buildConfigurations = (
				AA5906AF1BD2D3B6007B43FB /* Debug */,
				AA5906B01BD2D3B6007B43FB /* Release */,
			);
			defaultConfigurationIsVisible = 0;
			defaultConfigurationName = Release;
		};
/* End XCConfigurationList section */

/* Begin XCVersionGroup section */
		AA5906871BD2D3B6007B43FB /* UCSD_CSSA_What_To_Eat.xcdatamodeld */ = {
			isa = XCVersionGroup;
			children = (
				AA5906881BD2D3B6007B43FB /* UCSD_CSSA_What_To_Eat.xcdatamodel */,
			);
			currentVersion = AA5906881BD2D3B6007B43FB /* UCSD_CSSA_What_To_Eat.xcdatamodel */;
			path = UCSD_CSSA_What_To_Eat.xcdatamodeld;
			sourceTree = "<group>";
			versionGroupType = wrapper.xcdatamodel;
		};
/* End XCVersionGroup section */
	};
	rootObject = AA5906751BD2D3B6007B43FB /* Project object */;
}
